
Microsoft Visual Studio Solution File, Format Version 12.00
# Visual Studio Version 17
VisualStudioVersion = 17.10.35027.167
MinimumVisualStudioVersion = 10.0.40219.1
Project("{9A19103F-16F7-4668-BE54-9A1E7A4F7556}") = "BSIMS.WebAPI", "BSIMS.WebAPI.csproj", "{83604E8F-7555-4201-A362-AAA4AACF9F21}"
EndProject
Project("{9A19103F-16F7-4668-BE54-9A1E7A4F7556}") = "BSIMS.Core", "..\BSIMS.Core\BSIMS.Core.csproj", "{F22286A6-27EA-462D-856F-9DCE5D6C616F}"
EndProject
Project("{9A19103F-16F7-4668-BE54-9A1E7A4F7556}") = "BSIMS.Application", "..\BSIM.Application\BSIMS.Application.csproj", "{F7D5A0EF-7F93-4839-AC1F-89FBD6DBEC00}"
EndProject
Project("{9A19103F-16F7-4668-BE54-9A1E7A4F7556}") = "BSMIS.Infrastructure", "..\BSMIS.Infrastructure\BSMIS.Infrastructure.csproj", "{51DECDD2-35C6-4F24-8BE2-3E8325909CC2}"
EndProject
Global
	GlobalSection(SolutionConfigurationPlatforms) = preSolution
		Debug|Any CPU = Debug|Any CPU
		Release|Any CPU = Release|Any CPU
	EndGlobalSection
	GlobalSection(ProjectConfigurationPlatforms) = postSolution
		{83604E8F-7555-4201-A362-AAA4AACF9F21}.Debug|Any CPU.ActiveCfg = Debug|Any CPU
		{83604E8F-7555-4201-A362-AAA4AACF9F21}.Debug|Any CPU.Build.0 = Debug|Any CPU
		{83604E8F-7555-4201-A362-AAA4AACF9F21}.Release|Any CPU.ActiveCfg = Release|Any CPU
		{83604E8F-7555-4201-A362-AAA4AACF9F21}.Release|Any CPU.Build.0 = Release|Any CPU
		{F22286A6-27EA-462D-856F-9DCE5D6C616F}.Debug|Any CPU.ActiveCfg = Debug|Any CPU
		{F22286A6-27EA-462D-856F-9DCE5D6C616F}.Debug|Any CPU.Build.0 = Debug|Any CPU
		{F22286A6-27EA-462D-856F-9DCE5D6C616F}.Release|Any CPU.ActiveCfg = Release|Any CPU
		{F22286A6-27EA-462D-856F-9DCE5D6C616F}.Release|Any CPU.Build.0 = Release|Any CPU
		{F7D5A0EF-7F93-4839-AC1F-89FBD6DBEC00}.Debug|Any CPU.ActiveCfg = Debug|Any CPU
		{F7D5A0EF-7F93-4839-AC1F-89FBD6DBEC00}.Debug|Any CPU.Build.0 = Debug|Any CPU
		{F7D5A0EF-7F93-4839-AC1F-89FBD6DBEC00}.Release|Any CPU.ActiveCfg = Release|Any CPU
		{F7D5A0EF-7F93-4839-AC1F-89FBD6DBEC00}.Release|Any CPU.Build.0 = Release|Any CPU
		{51DECDD2-35C6-4F24-8BE2-3E8325909CC2}.Debug|Any CPU.ActiveCfg = Debug|Any CPU
		{51DECDD2-35C6-4F24-8BE2-3E8325909CC2}.Debug|Any CPU.Build.0 = Debug|Any CPU
		{51DECDD2-35C6-4F24-8BE2-3E8325909CC2}.Release|Any CPU.ActiveCfg = Release|Any CPU
		{51DECDD2-35C6-4F24-8BE2-3E8325909CC2}.Release|Any CPU.Build.0 = Release|Any CPU
	EndGlobalSection
	GlobalSection(SolutionProperties) = preSolution
		HideSolutionNode = FALSE
	EndGlobalSection
	GlobalSection(ExtensibilityGlobals) = postSolution
		SolutionGuid = {85165B15-7D21-4BE7-9F35-3C124030B51B}
	EndGlobalSection
EndGlobal
